
Microsoft Visual Studio Solution File, Format Version 12.00
# Visual Studio 15
VisualStudioVersion = 15.0.28010.2041
MinimumVisualStudioVersion = 10.0.40219.1
Project("{FAE04EC0-301F-11D3-BF4B-00C04F79EFBC}") = "ConsoleApp", "ConsoleApp\ConsoleApp.csproj", "{0709B3D3-EF54-47A6-BDBE-67A1FEF49085}"
EndProject
Project("{9A19103F-16F7-4668-BE54-9A1E7A4F7556}") = "StringParser", "IntParser\StringParser.csproj", "{1EA1005C-D55F-4280-AD09-0A8838B60E8D}"
EndProject
Project("{FAE04EC0-301F-11D3-BF4B-00C04F79EFBC}") = "Tests", "Tests\Tests.csproj", "{A9E42B1B-EC72-4404-B5EA-83EC0FF0FE8E}"
	ProjectSection(ProjectDependencies) = postProject
		{1EA1005C-D55F-4280-AD09-0A8838B60E8D} = {1EA1005C-D55F-4280-AD09-0A8838B60E8D}
	EndProjectSection
EndProject
Global
	GlobalSection(SolutionConfigurationPlatforms) = preSolution
		Debug|Any CPU = Debug|Any CPU
		Release|Any CPU = Release|Any CPU
	EndGlobalSection
	GlobalSection(ProjectConfigurationPlatforms) = postSolution
		{0709B3D3-EF54-47A6-BDBE-67A1FEF49085}.Debug|Any CPU.ActiveCfg = Debug|Any CPU
		{0709B3D3-EF54-47A6-BDBE-67A1FEF49085}.Debug|Any CPU.Build.0 = Debug|Any CPU
		{0709B3D3-EF54-47A6-BDBE-67A1FEF49085}.Release|Any CPU.ActiveCfg = Release|Any CPU
		{0709B3D3-EF54-47A6-BDBE-67A1FEF49085}.Release|Any CPU.Build.0 = Release|Any CPU
		{1EA1005C-D55F-4280-AD09-0A8838B60E8D}.Debug|Any CPU.ActiveCfg = Debug|Any CPU
		{1EA1005C-D55F-4280-AD09-0A8838B60E8D}.Debug|Any CPU.Build.0 = Debug|Any CPU
		{1EA1005C-D55F-4280-AD09-0A8838B60E8D}.Release|Any CPU.ActiveCfg = Release|Any CPU
		{1EA1005C-D55F-4280-AD09-0A8838B60E8D}.Release|Any CPU.Build.0 = Release|Any CPU
		{A9E42B1B-EC72-4404-B5EA-83EC0FF0FE8E}.Debug|Any CPU.ActiveCfg = Debug|Any CPU
		{A9E42B1B-EC72-4404-B5EA-83EC0FF0FE8E}.Debug|Any CPU.Build.0 = Debug|Any CPU
		{A9E42B1B-EC72-4404-B5EA-83EC0FF0FE8E}.Release|Any CPU.ActiveCfg = Release|Any CPU
		{A9E42B1B-EC72-4404-B5EA-83EC0FF0FE8E}.Release|Any CPU.Build.0 = Release|Any CPU
	EndGlobalSection
	GlobalSection(SolutionProperties) = preSolution
		HideSolutionNode = FALSE
	EndGlobalSection
	GlobalSection(ExtensibilityGlobals) = postSolution
		SolutionGuid = {90B6A664-4557-43E2-93D7-28D11371C49A}
	EndGlobalSection
EndGlobal
